
Microsoft Visual Studio Solution File, Format Version 12.00
# Visual Studio Version 17
VisualStudioVersion = 17.3.32929.385
MinimumVisualStudioVersion = 10.0.40219.1
Project("{FAE04EC0-301F-11D3-BF4B-00C04F79EFBC}") = "SmartSchoolboyApi", "SmartSchoolboyApi\SmartSchoolboyApi.csproj", "{79FB0255-8C6F-4A34-B965-AFADB653FFB6}"
EndProject
Global
	GlobalSection(SolutionConfigurationPlatforms) = preSolution
		Debug|Any CPU = Debug|Any CPU
		Release|Any CPU = Release|Any CPU
	EndGlobalSection
	GlobalSection(ProjectConfigurationPlatforms) = postSolution
		{79FB0255-8C6F-4A34-B965-AFADB653FFB6}.Debug|Any CPU.ActiveCfg = Debug|Any CPU
		{79FB0255-8C6F-4A34-B965-AFADB653FFB6}.Debug|Any CPU.Build.0 = Debug|Any CPU
		{79FB0255-8C6F-4A34-B965-AFADB653FFB6}.Release|Any CPU.ActiveCfg = Release|Any CPU
		{79FB0255-8C6F-4A34-B965-AFADB653FFB6}.Release|Any CPU.Build.0 = Release|Any CPU
	EndGlobalSection
	GlobalSection(SolutionProperties) = preSolution
		HideSolutionNode = FALSE
	EndGlobalSection
	GlobalSection(ExtensibilityGlobals) = postSolution
		SolutionGuid = {F112C70F-D290-4BC8-8023-CBFD03C24EB5}
	EndGlobalSection
EndGlobal
