
Microsoft Visual Studio Solution File, Format Version 12.00
# Visual Studio Version 17
VisualStudioVersion = 17.3.32929.385
MinimumVisualStudioVersion = 10.0.40219.1
Project("{FAE04EC0-301F-11D3-BF4B-00C04F79EFBC}") = "SmartSchoolboyApp", "SmartSchoolboyApp\SmartSchoolboyApp.csproj", "{B03BFA4E-DF0F-4358-A2FE-8A370DC2ED4D}"
EndProject
Global
	GlobalSection(SolutionConfigurationPlatforms) = preSolution
		Debug|Any CPU = Debug|Any CPU
		Release|Any CPU = Release|Any CPU
	EndGlobalSection
	GlobalSection(ProjectConfigurationPlatforms) = postSolution
		{B03BFA4E-DF0F-4358-A2FE-8A370DC2ED4D}.Debug|Any CPU.ActiveCfg = Debug|Any CPU
		{B03BFA4E-DF0F-4358-A2FE-8A370DC2ED4D}.Debug|Any CPU.Build.0 = Debug|Any CPU
		{B03BFA4E-DF0F-4358-A2FE-8A370DC2ED4D}.Release|Any CPU.ActiveCfg = Release|Any CPU
		{B03BFA4E-DF0F-4358-A2FE-8A370DC2ED4D}.Release|Any CPU.Build.0 = Release|Any CPU
	EndGlobalSection
	GlobalSection(SolutionProperties) = preSolution
		HideSolutionNode = FALSE
	EndGlobalSection
	GlobalSection(ExtensibilityGlobals) = postSolution
		SolutionGuid = {C1DF925A-91C4-4AD0-AE4D-205292B53958}
	EndGlobalSection
EndGlobal
